// !$*UTF8*$!
{
	archiveVersion = 1;
	classes = {
	};
	objectVersion = 50;
	objects = {

/* Begin PBXBuildFile section */
		B59B796E25FA39E20067D7B6 /* groupsTableViewController.swift in Sources */ = {isa = PBXBuildFile; fileRef = B59B796D25FA39E20067D7B6 /* groupsTableViewController.swift */; };
		B59B798025FA46C80067D7B6 /* groupTableViewCell.swift in Sources */ = {isa = PBXBuildFile; fileRef = B59B797F25FA46C80067D7B6 /* groupTableViewCell.swift */; };
		B59B798B25FA4C1D0067D7B6 /* StructTableViewController.swift in Sources */ = {isa = PBXBuildFile; fileRef = B59B798A25FA4C1D0067D7B6 /* StructTableViewController.swift */; };
		B59B799D25FA6AF70067D7B6 /* Struct1CollectionViewController.swift in Sources */ = {isa = PBXBuildFile; fileRef = B59B799C25FA6AF70067D7B6 /* Struct1CollectionViewController.swift */; };
		B59B79A825FA6D2A0067D7B6 /* usersTableViewController.swift in Sources */ = {isa = PBXBuildFile; fileRef = B59B79A725FA6D2A0067D7B6 /* usersTableViewController.swift */; };
		B5AE585B25ED24FA00F6B91A /* AppDelegate.swift in Sources */ = {isa = PBXBuildFile; fileRef = B5AE585A25ED24FA00F6B91A /* AppDelegate.swift */; };
		B5AE585D25ED24FA00F6B91A /* SceneDelegate.swift in Sources */ = {isa = PBXBuildFile; fileRef = B5AE585C25ED24FA00F6B91A /* SceneDelegate.swift */; };
		B5AE586225ED24FA00F6B91A /* Main.storyboard in Resources */ = {isa = PBXBuildFile; fileRef = B5AE586025ED24FA00F6B91A /* Main.storyboard */; };
		B5AE586425ED24FB00F6B91A /* Assets.xcassets in Resources */ = {isa = PBXBuildFile; fileRef = B5AE586325ED24FB00F6B91A /* Assets.xcassets */; };
		B5AE586725ED24FB00F6B91A /* LaunchScreen.storyboard in Resources */ = {isa = PBXBuildFile; fileRef = B5AE586525ED24FB00F6B91A /* LaunchScreen.storyboard */; };
		B5AE587225ED24FB00F6B91A /* App_firstTests.swift in Sources */ = {isa = PBXBuildFile; fileRef = B5AE587125ED24FB00F6B91A /* App_firstTests.swift */; };
		B5AE587D25ED24FC00F6B91A /* App_firstUITests.swift in Sources */ = {isa = PBXBuildFile; fileRef = B5AE587C25ED24FC00F6B91A /* App_firstUITests.swift */; };
		B5AE589625ED256600F6B91A /* LoginFormController.swift in Sources */ = {isa = PBXBuildFile; fileRef = B5AE589525ED256600F6B91A /* LoginFormController.swift */; };
/* End PBXBuildFile section */

/* Begin PBXContainerItemProxy section */
		B5AE586E25ED24FB00F6B91A /* PBXContainerItemProxy */ = {
			isa = PBXContainerItemProxy;
			containerPortal = B5AE584F25ED24F900F6B91A /* Project object */;
			proxyType = 1;
			remoteGlobalIDString = B5AE585625ED24F900F6B91A;
			remoteInfo = App_first;
		};
		B5AE587925ED24FC00F6B91A /* PBXContainerItemProxy */ = {
			isa = PBXContainerItemProxy;
			containerPortal = B5AE584F25ED24F900F6B91A /* Project object */;
			proxyType = 1;
			remoteGlobalIDString = B5AE585625ED24F900F6B91A;
			remoteInfo = App_first;
		};
/* End PBXContainerItemProxy section */

/* Begin PBXFileReference section */
		B59B796D25FA39E20067D7B6 /* groupsTableViewController.swift */ = {isa = PBXFileReference; lastKnownFileType = sourcecode.swift; path = groupsTableViewController.swift; sourceTree = "<group>"; };
		B59B797F25FA46C80067D7B6 /* groupTableViewCell.swift */ = {isa = PBXFileReference; lastKnownFileType = sourcecode.swift; path = groupTableViewCell.swift; sourceTree = "<group>"; };
		B59B798A25FA4C1D0067D7B6 /* StructTableViewController.swift */ = {isa = PBXFileReference; lastKnownFileType = sourcecode.swift; path = StructTableViewController.swift; sourceTree = "<group>"; };
		B59B799C25FA6AF70067D7B6 /* Struct1CollectionViewController.swift */ = {isa = PBXFileReference; lastKnownFileType = sourcecode.swift; path = Struct1CollectionViewController.swift; sourceTree = "<group>"; };
		B59B79A725FA6D2A0067D7B6 /* usersTableViewController.swift */ = {isa = PBXFileReference; lastKnownFileType = sourcecode.swift; path = usersTableViewController.swift; sourceTree = "<group>"; };
		B5AE585725ED24F900F6B91A /* App_first.app */ = {isa = PBXFileReference; explicitFileType = wrapper.application; includeInIndex = 0; path = App_first.app; sourceTree = BUILT_PRODUCTS_DIR; };
		B5AE585A25ED24FA00F6B91A /* AppDelegate.swift */ = {isa = PBXFileReference; lastKnownFileType = sourcecode.swift; path = AppDelegate.swift; sourceTree = "<group>"; };
		B5AE585C25ED24FA00F6B91A /* SceneDelegate.swift */ = {isa = PBXFileReference; lastKnownFileType = sourcecode.swift; path = SceneDelegate.swift; sourceTree = "<group>"; };
		B5AE586125ED24FA00F6B91A /* Base */ = {isa = PBXFileReference; lastKnownFileType = file.storyboard; name = Base; path = Base.lproj/Main.storyboard; sourceTree = "<group>"; };
		B5AE586325ED24FB00F6B91A /* Assets.xcassets */ = {isa = PBXFileReference; lastKnownFileType = folder.assetcatalog; path = Assets.xcassets; sourceTree = "<group>"; };
		B5AE586625ED24FB00F6B91A /* Base */ = {isa = PBXFileReference; lastKnownFileType = file.storyboard; name = Base; path = Base.lproj/LaunchScreen.storyboard; sourceTree = "<group>"; };
		B5AE586825ED24FB00F6B91A /* Info.plist */ = {isa = PBXFileReference; lastKnownFileType = text.plist.xml; path = Info.plist; sourceTree = "<group>"; };
		B5AE586D25ED24FB00F6B91A /* App_firstTests.xctest */ = {isa = PBXFileReference; explicitFileType = wrapper.cfbundle; includeInIndex = 0; path = App_firstTests.xctest; sourceTree = BUILT_PRODUCTS_DIR; };
		B5AE587125ED24FB00F6B91A /* App_firstTests.swift */ = {isa = PBXFileReference; lastKnownFileType = sourcecode.swift; path = App_firstTests.swift; sourceTree = "<group>"; };
		B5AE587325ED24FB00F6B91A /* Info.plist */ = {isa = PBXFileReference; lastKnownFileType = text.plist.xml; path = Info.plist; sourceTree = "<group>"; };
		B5AE587825ED24FC00F6B91A /* App_firstUITests.xctest */ = {isa = PBXFileReference; explicitFileType = wrapper.cfbundle; includeInIndex = 0; path = App_firstUITests.xctest; sourceTree = BUILT_PRODUCTS_DIR; };
		B5AE587C25ED24FC00F6B91A /* App_firstUITests.swift */ = {isa = PBXFileReference; lastKnownFileType = sourcecode.swift; path = App_firstUITests.swift; sourceTree = "<group>"; };
		B5AE587E25ED24FC00F6B91A /* Info.plist */ = {isa = PBXFileReference; lastKnownFileType = text.plist.xml; path = Info.plist; sourceTree = "<group>"; };
		B5AE589525ED256600F6B91A /* LoginFormController.swift */ = {isa = PBXFileReference; lastKnownFileType = sourcecode.swift; path = LoginFormController.swift; sourceTree = "<group>"; };
/* End PBXFileReference section */

/* Begin PBXFrameworksBuildPhase section */
		B5AE585425ED24F900F6B91A /* Frameworks */ = {
			isa = PBXFrameworksBuildPhase;
			buildActionMask = 2147483647;
			files = (
			);
			runOnlyForDeploymentPostprocessing = 0;
		};
		B5AE586A25ED24FB00F6B91A /* Frameworks */ = {
			isa = PBXFrameworksBuildPhase;
			buildActionMask = 2147483647;
			files = (
			);
			runOnlyForDeploymentPostprocessing = 0;
		};
		B5AE587525ED24FC00F6B91A /* Frameworks */ = {
			isa = PBXFrameworksBuildPhase;
			buildActionMask = 2147483647;
			files = (
			);
			runOnlyForDeploymentPostprocessing = 0;
		};
/* End PBXFrameworksBuildPhase section */

/* Begin PBXGroup section */
		B59B795F25FA32CC0067D7B6 /* Model */ = {
			isa = PBXGroup;
			children = (
				B59B796D25FA39E20067D7B6 /* groupsTableViewController.swift */,
				B59B797F25FA46C80067D7B6 /* groupTableViewCell.swift */,
				B59B798A25FA4C1D0067D7B6 /* StructTableViewController.swift */,
				B59B799C25FA6AF70067D7B6 /* Struct1CollectionViewController.swift */,
				B59B79A725FA6D2A0067D7B6 /* usersTableViewController.swift */,
			);
			path = Model;
			sourceTree = "<group>";
		};
		B5AE584E25ED24F900F6B91A = {
			isa = PBXGroup;
			children = (
				B5AE585925ED24F900F6B91A /* App_first */,
				B5AE587025ED24FB00F6B91A /* App_firstTests */,
				B5AE587B25ED24FC00F6B91A /* App_firstUITests */,
				B5AE585825ED24F900F6B91A /* Products */,
			);
			sourceTree = "<group>";
		};
		B5AE585825ED24F900F6B91A /* Products */ = {
			isa = PBXGroup;
			children = (
				B5AE585725ED24F900F6B91A /* App_first.app */,
				B5AE586D25ED24FB00F6B91A /* App_firstTests.xctest */,
				B5AE587825ED24FC00F6B91A /* App_firstUITests.xctest */,
			);
			name = Products;
			sourceTree = "<group>";
		};
		B5AE585925ED24F900F6B91A /* App_first */ = {
			isa = PBXGroup;
			children = (
				B59B795F25FA32CC0067D7B6 /* Model */,
				B5AE585A25ED24FA00F6B91A /* AppDelegate.swift */,
				B5AE585C25ED24FA00F6B91A /* SceneDelegate.swift */,
				B5AE589525ED256600F6B91A /* LoginFormController.swift */,
				B5AE586025ED24FA00F6B91A /* Main.storyboard */,
				B5AE586325ED24FB00F6B91A /* Assets.xcassets */,
				B5AE586525ED24FB00F6B91A /* LaunchScreen.storyboard */,
				B5AE586825ED24FB00F6B91A /* Info.plist */,
			);
			path = App_first;
			sourceTree = "<group>";
		};
		B5AE587025ED24FB00F6B91A /* App_firstTests */ = {
			isa = PBXGroup;
			children = (
				B5AE587125ED24FB00F6B91A /* App_firstTests.swift */,
				B5AE587325ED24FB00F6B91A /* Info.plist */,
			);
			path = App_firstTests;
			sourceTree = "<group>";
		};
		B5AE587B25ED24FC00F6B91A /* App_firstUITests */ = {
			isa = PBXGroup;
			children = (
				B5AE587C25ED24FC00F6B91A /* App_firstUITests.swift */,
				B5AE587E25ED24FC00F6B91A /* Info.plist */,
			);
			path = App_firstUITests;
			sourceTree = "<group>";
		};
/* End PBXGroup section */

/* Begin PBXNativeTarget section */
		B5AE585625ED24F900F6B91A /* App_first */ = {
			isa = PBXNativeTarget;
			buildConfigurationList = B5AE588125ED24FC00F6B91A /* Build configuration list for PBXNativeTarget "App_first" */;
			buildPhases = (
				B5AE585325ED24F900F6B91A /* Sources */,
				B5AE585425ED24F900F6B91A /* Frameworks */,
				B5AE585525ED24F900F6B91A /* Resources */,
			);
			buildRules = (
			);
			dependencies = (
			);
			name = App_first;
			productName = App_first;
			productReference = B5AE585725ED24F900F6B91A /* App_first.app */;
			productType = "com.apple.product-type.application";
		};
		B5AE586C25ED24FB00F6B91A /* App_firstTests */ = {
			isa = PBXNativeTarget;
			buildConfigurationList = B5AE588425ED24FC00F6B91A /* Build configuration list for PBXNativeTarget "App_firstTests" */;
			buildPhases = (
				B5AE586925ED24FB00F6B91A /* Sources */,
				B5AE586A25ED24FB00F6B91A /* Frameworks */,
				B5AE586B25ED24FB00F6B91A /* Resources */,
			);
			buildRules = (
			);
			dependencies = (
				B5AE586F25ED24FB00F6B91A /* PBXTargetDependency */,
			);
			name = App_firstTests;
			productName = App_firstTests;
			productReference = B5AE586D25ED24FB00F6B91A /* App_firstTests.xctest */;
			productType = "com.apple.product-type.bundle.unit-test";
		};
		B5AE587725ED24FC00F6B91A /* App_firstUITests */ = {
			isa = PBXNativeTarget;
			buildConfigurationList = B5AE588725ED24FC00F6B91A /* Build configuration list for PBXNativeTarget "App_firstUITests" */;
			buildPhases = (
				B5AE587425ED24FC00F6B91A /* Sources */,
				B5AE587525ED24FC00F6B91A /* Frameworks */,
				B5AE587625ED24FC00F6B91A /* Resources */,
			);
			buildRules = (
			);
			dependencies = (
				B5AE587A25ED24FC00F6B91A /* PBXTargetDependency */,
			);
			name = App_firstUITests;
			productName = App_firstUITests;
			productReference = B5AE587825ED24FC00F6B91A /* App_firstUITests.xctest */;
			productType = "com.apple.product-type.bundle.ui-testing";
		};
/* End PBXNativeTarget section */

/* Begin PBXProject section */
		B5AE584F25ED24F900F6B91A /* Project object */ = {
			isa = PBXProject;
			attributes = {
				LastSwiftUpdateCheck = 1240;
				LastUpgradeCheck = 1240;
				TargetAttributes = {
					B5AE585625ED24F900F6B91A = {
						CreatedOnToolsVersion = 12.4;
					};
					B5AE586C25ED24FB00F6B91A = {
						CreatedOnToolsVersion = 12.4;
						TestTargetID = B5AE585625ED24F900F6B91A;
					};
					B5AE587725ED24FC00F6B91A = {
						CreatedOnToolsVersion = 12.4;
						TestTargetID = B5AE585625ED24F900F6B91A;
					};
				};
			};
			buildConfigurationList = B5AE585225ED24F900F6B91A /* Build configuration list for PBXProject "App_first" */;
			compatibilityVersion = "Xcode 9.3";
			developmentRegion = en;
			hasScannedForEncodings = 0;
			knownRegions = (
				en,
				Base,
			);
			mainGroup = B5AE584E25ED24F900F6B91A;
			productRefGroup = B5AE585825ED24F900F6B91A /* Products */;
			projectDirPath = "";
			projectRoot = "";
			targets = (
				B5AE585625ED24F900F6B91A /* App_first */,
				B5AE586C25ED24FB00F6B91A /* App_firstTests */,
				B5AE587725ED24FC00F6B91A /* App_firstUITests */,
			);
		};
/* End PBXProject section */

/* Begin PBXResourcesBuildPhase section */
		B5AE585525ED24F900F6B91A /* Resources */ = {
			isa = PBXResourcesBuildPhase;
			buildActionMask = 2147483647;
			files = (
				B5AE586725ED24FB00F6B91A /* LaunchScreen.storyboard in Resources */,
				B5AE586425ED24FB00F6B91A /* Assets.xcassets in Resources */,
				B5AE586225ED24FA00F6B91A /* Main.storyboard in Resources */,
			);
			runOnlyForDeploymentPostprocessing = 0;
		};
		B5AE586B25ED24FB00F6B91A /* Resources */ = {
			isa = PBXResourcesBuildPhase;
			buildActionMask = 2147483647;
			files = (
			);
			runOnlyForDeploymentPostprocessing = 0;
		};
		B5AE587625ED24FC00F6B91A /* Resources */ = {
			isa = PBXResourcesBuildPhase;
			buildActionMask = 2147483647;
			files = (
			);
			runOnlyForDeploymentPostprocessing = 0;
		};
/* End PBXResourcesBuildPhase section */

/* Begin PBXSourcesBuildPhase section */
		B5AE585325ED24F900F6B91A /* Sources */ = {
			isa = PBXSourcesBuildPhase;
			buildActionMask = 2147483647;
			files = (
				B5AE589625ED256600F6B91A /* LoginFormController.swift in Sources */,
				B59B799D25FA6AF70067D7B6 /* Struct1CollectionViewController.swift in Sources */,
				B59B79A825FA6D2A0067D7B6 /* usersTableViewController.swift in Sources */,
				B5AE585B25ED24FA00F6B91A /* AppDelegate.swift in Sources */,
				B59B798B25FA4C1D0067D7B6 /* StructTableViewController.swift in Sources */,
				B59B798025FA46C80067D7B6 /* groupTableViewCell.swift in Sources */,
				B59B796E25FA39E20067D7B6 /* groupsTableViewController.swift in Sources */,
				B5AE585D25ED24FA00F6B91A /* SceneDelegate.swift in Sources */,
			);
			runOnlyForDeploymentPostprocessing = 0;
		};
		B5AE586925ED24FB00F6B91A /* Sources */ = {
			isa = PBXSourcesBuildPhase;
			buildActionMask = 2147483647;
			files = (
				B5AE587225ED24FB00F6B91A /* App_firstTests.swift in Sources */,
			);
			runOnlyForDeploymentPostprocessing = 0;
		};
		B5AE587425ED24FC00F6B91A /* Sources */ = {
			isa = PBXSourcesBuildPhase;
			buildActionMask = 2147483647;
			files = (
				B5AE587D25ED24FC00F6B91A /* App_firstUITests.swift in Sources */,
			);
			runOnlyForDeploymentPostprocessing = 0;
		};
/* End PBXSourcesBuildPhase section */

/* Begin PBXTargetDependency section */
		B5AE586F25ED24FB00F6B91A /* PBXTargetDependency */ = {
			isa = PBXTargetDependency;
			target = B5AE585625ED24F900F6B91A /* App_first */;
			targetProxy = B5AE586E25ED24FB00F6B91A /* PBXContainerItemProxy */;
		};
		B5AE587A25ED24FC00F6B91A /* PBXTargetDependency */ = {
			isa = PBXTargetDependency;
			target = B5AE585625ED24F900F6B91A /* App_first */;
			targetProxy = B5AE587925ED24FC00F6B91A /* PBXContainerItemProxy */;
		};
/* End PBXTargetDependency section */

/* Begin PBXVariantGroup section */
		B5AE586025ED24FA00F6B91A /* Main.storyboard */ = {
			isa = PBXVariantGroup;
			children = (
				B5AE586125ED24FA00F6B91A /* Base */,
			);
			name = Main.storyboard;
			sourceTree = "<group>";
		};
		B5AE586525ED24FB00F6B91A /* LaunchScreen.storyboard */ = {
			isa = PBXVariantGroup;
			children = (
				B5AE586625ED24FB00F6B91A /* Base */,
			);
			name = LaunchScreen.storyboard;
			sourceTree = "<group>";
		};
/* End PBXVariantGroup section */

/* Begin XCBuildConfiguration section */
		B5AE587F25ED24FC00F6B91A /* Debug */ = {
			isa = XCBuildConfiguration;
			buildSettings = {
				ALWAYS_SEARCH_USER_PATHS = NO;
				CLANG_ANALYZER_NONNULL = YES;
				CLANG_ANALYZER_NUMBER_OBJECT_CONVERSION = YES_AGGRESSIVE;
				CLANG_CXX_LANGUAGE_STANDARD = "gnu++14";
				CLANG_CXX_LIBRARY = "libc++";
				CLANG_ENABLE_MODULES = YES;
				CLANG_ENABLE_OBJC_ARC = YES;
				CLANG_ENABLE_OBJC_WEAK = YES;
				CLANG_WARN_BLOCK_CAPTURE_AUTORELEASING = YES;
				CLANG_WARN_BOOL_CONVERSION = YES;
				CLANG_WARN_COMMA = YES;
				CLANG_WARN_CONSTANT_CONVERSION = YES;
				CLANG_WARN_DEPRECATED_OBJC_IMPLEMENTATIONS = YES;
				CLANG_WARN_DIRECT_OBJC_ISA_USAGE = YES_ERROR;
				CLANG_WARN_DOCUMENTATION_COMMENTS = YES;
				CLANG_WARN_EMPTY_BODY = YES;
				CLANG_WARN_ENUM_CONVERSION = YES;
				CLANG_WARN_INFINITE_RECURSION = YES;
				CLANG_WARN_INT_CONVERSION = YES;
				CLANG_WARN_NON_LITERAL_NULL_CONVERSION = YES;
				CLANG_WARN_OBJC_IMPLICIT_RETAIN_SELF = YES;
				CLANG_WARN_OBJC_LITERAL_CONVERSION = YES;
				CLANG_WARN_OBJC_ROOT_CLASS = YES_ERROR;
				CLANG_WARN_QUOTED_INCLUDE_IN_FRAMEWORK_HEADER = YES;
				CLANG_WARN_RANGE_LOOP_ANALYSIS = YES;
				CLANG_WARN_STRICT_PROTOTYPES = YES;
				CLANG_WARN_SUSPICIOUS_MOVE = YES;
				CLANG_WARN_UNGUARDED_AVAILABILITY = YES_AGGRESSIVE;
				CLANG_WARN_UNREACHABLE_CODE = YES;
				CLANG_WARN__DUPLICATE_METHOD_MATCH = YES;
				COPY_PHASE_STRIP = NO;
				DEBUG_INFORMATION_FORMAT = dwarf;
				ENABLE_STRICT_OBJC_MSGSEND = YES;
				ENABLE_TESTABILITY = YES;
				GCC_C_LANGUAGE_STANDARD = gnu11;
				GCC_DYNAMIC_NO_PIC = NO;
				GCC_NO_COMMON_BLOCKS = YES;
				GCC_OPTIMIZATION_LEVEL = 0;
				GCC_PREPROCESSOR_DEFINITIONS = (
					"DEBUG=1",
					"$(inherited)",
				);
				GCC_WARN_64_TO_32_BIT_CONVERSION = YES;
				GCC_WARN_ABOUT_RETURN_TYPE = YES_ERROR;
				GCC_WARN_UNDECLARED_SELECTOR = YES;
				GCC_WARN_UNINITIALIZED_AUTOS = YES_AGGRESSIVE;
				GCC_WARN_UNUSED_FUNCTION = YES;
				GCC_WARN_UNUSED_VARIABLE = YES;
				IPHONEOS_DEPLOYMENT_TARGET = 14.4;
				MTL_ENABLE_DEBUG_INFO = INCLUDE_SOURCE;
				MTL_FAST_MATH = YES;
				ONLY_ACTIVE_ARCH = YES;
				SDKROOT = iphoneos;
				SWIFT_ACTIVE_COMPILATION_CONDITIONS = DEBUG;
				SWIFT_OPTIMIZATION_LEVEL = "-Onone";
			};
			name = Debug;
		};
		B5AE588025ED24FC00F6B91A /* Release */ = {
			isa = XCBuildConfiguration;
			buildSettings = {
				ALWAYS_SEARCH_USER_PATHS = NO;
				CLANG_ANALYZER_NONNULL = YES;
				CLANG_ANALYZER_NUMBER_OBJECT_CONVERSION = YES_AGGRESSIVE;
				CLANG_CXX_LANGUAGE_STANDARD = "gnu++14";
				CLANG_CXX_LIBRARY = "libc++";
				CLANG_ENABLE_MODULES = YES;
				CLANG_ENABLE_OBJC_ARC = YES;
				CLANG_ENABLE_OBJC_WEAK = YES;
				CLANG_WARN_BLOCK_CAPTURE_AUTORELEASING = YES;
				CLANG_WARN_BOOL_CONVERSION = YES;
				CLANG_WARN_COMMA = YES;
				CLANG_WARN_CONSTANT_CONVERSION = YES;
				CLANG_WARN_DEPRECATED_OBJC_IMPLEMENTATIONS = YES;
				CLANG_WARN_DIRECT_OBJC_ISA_USAGE = YES_ERROR;
				CLANG_WARN_DOCUMENTATION_COMMENTS = YES;
				CLANG_WARN_EMPTY_BODY = YES;
				CLANG_WARN_ENUM_CONVERSION = YES;
				CLANG_WARN_INFINITE_RECURSION = YES;
				CLANG_WARN_INT_CONVERSION = YES;
				CLANG_WARN_NON_LITERAL_NULL_CONVERSION = YES;
				CLANG_WARN_OBJC_IMPLICIT_RETAIN_SELF = YES;
				CLANG_WARN_OBJC_LITERAL_CONVERSION = YES;
				CLANG_WARN_OBJC_ROOT_CLASS = YES_ERROR;
				CLANG_WARN_QUOTED_INCLUDE_IN_FRAMEWORK_HEADER = YES;
				CLANG_WARN_RANGE_LOOP_ANALYSIS = YES;
				CLANG_WARN_STRICT_PROTOTYPES = YES;
				CLANG_WARN_SUSPICIOUS_MOVE = YES;
				CLANG_WARN_UNGUARDED_AVAILABILITY = YES_AGGRESSIVE;
				CLANG_WARN_UNREACHABLE_CODE = YES;
				CLANG_WARN__DUPLICATE_METHOD_MATCH = YES;
				COPY_PHASE_STRIP = NO;
				DEBUG_INFORMATION_FORMAT = "dwarf-with-dsym";
				ENABLE_NS_ASSERTIONS = NO;
				ENABLE_STRICT_OBJC_MSGSEND = YES;
				GCC_C_LANGUAGE_STANDARD = gnu11;
				GCC_NO_COMMON_BLOCKS = YES;
				GCC_WARN_64_TO_32_BIT_CONVERSION = YES;
				GCC_WARN_ABOUT_RETURN_TYPE = YES_ERROR;
				GCC_WARN_UNDECLARED_SELECTOR = YES;
				GCC_WARN_UNINITIALIZED_AUTOS = YES_AGGRESSIVE;
				GCC_WARN_UNUSED_FUNCTION = YES;
				GCC_WARN_UNUSED_VARIABLE = YES;
				IPHONEOS_DEPLOYMENT_TARGET = 14.4;
				MTL_ENABLE_DEBUG_INFO = NO;
				MTL_FAST_MATH = YES;
				SDKROOT = iphoneos;
				SWIFT_COMPILATION_MODE = wholemodule;
				SWIFT_OPTIMIZATION_LEVEL = "-O";
				VALIDATE_PRODUCT = YES;
			};
			name = Release;
		};
		B5AE588225ED24FC00F6B91A /* Debug */ = {
			isa = XCBuildConfiguration;
			buildSettings = {
				ASSETCATALOG_COMPILER_APPICON_NAME = AppIcon;
				ASSETCATALOG_COMPILER_GLOBAL_ACCENT_COLOR_NAME = AccentColor;
				CODE_SIGN_STYLE = Automatic;
				DEVELOPMENT_TEAM = 4FV83MLDY9;
				INFOPLIST_FILE = App_first/Info.plist;
				LD_RUNPATH_SEARCH_PATHS = (
					"$(inherited)",
					"@executable_path/Frameworks",
				);
				PRODUCT_BUNDLE_IDENTIFIER = "ru.gribov.App-first";
				PRODUCT_NAME = "$(TARGET_NAME)";
				SWIFT_VERSION = 5.0;
				TARGETED_DEVICE_FAMILY = "1,2";
			};
			name = Debug;
		};
		B5AE588325ED24FC00F6B91A /* Release */ = {
			isa = XCBuildConfiguration;
			buildSettings = {
				ASSETCATALOG_COMPILER_APPICON_NAME = AppIcon;
				ASSETCATALOG_COMPILER_GLOBAL_ACCENT_COLOR_NAME = AccentColor;
				CODE_SIGN_STYLE = Automatic;
				DEVELOPMENT_TEAM = 4FV83MLDY9;
				INFOPLIST_FILE = App_first/Info.plist;
				LD_RUNPATH_SEARCH_PATHS = (
					"$(inherited)",
					"@executable_path/Frameworks",
				);
				PRODUCT_BUNDLE_IDENTIFIER = "ru.gribov.App-first";
				PRODUCT_NAME = "$(TARGET_NAME)";
				SWIFT_VERSION = 5.0;
				TARGETED_DEVICE_FAMILY = "1,2";
			};
			name = Release;
		};
		B5AE588525ED24FC00F6B91A /* Debug */ = {
			isa = XCBuildConfiguration;
			buildSettings = {
				ALWAYS_EMBED_SWIFT_STANDARD_LIBRARIES = YES;
				BUNDLE_LOADER = "$(TEST_HOST)";
				CODE_SIGN_STYLE = Automatic;
				DEVELOPMENT_TEAM = 4FV83MLDY9;
				INFOPLIST_FILE = App_firstTests/Info.plist;
				IPHONEOS_DEPLOYMENT_TARGET = 14.4;
				LD_RUNPATH_SEARCH_PATHS = (
					"$(inherited)",
					"@executable_path/Frameworks",
					"@loader_path/Frameworks",
				);
				PRODUCT_BUNDLE_IDENTIFIER = "ru.gribov.App-firstTests";
				PRODUCT_NAME = "$(TARGET_NAME)";
				SWIFT_VERSION = 5.0;
				TARGETED_DEVICE_FAMILY = "1,2";
				TEST_HOST = "$(BUILT_PRODUCTS_DIR)/App_first.app/App_first";
			};
			name = Debug;
		};
		B5AE588625ED24FC00F6B91A /* Release */ = {
			isa = XCBuildConfiguration;
			buildSettings = {
				ALWAYS_EMBED_SWIFT_STANDARD_LIBRARIES = YES;
				BUNDLE_LOADER = "$(TEST_HOST)";
				CODE_SIGN_STYLE = Automatic;
				DEVELOPMENT_TEAM = 4FV83MLDY9;
				INFOPLIST_FILE = App_firstTests/Info.plist;
				IPHONEOS_DEPLOYMENT_TARGET = 14.4;
				LD_RUNPATH_SEARCH_PATHS = (
					"$(inherited)",
					"@executable_path/Frameworks",
					"@loader_path/Frameworks",
				);
				PRODUCT_BUNDLE_IDENTIFIER = "ru.gribov.App-firstTests";
				PRODUCT_NAME = "$(TARGET_NAME)";
				SWIFT_VERSION = 5.0;
				TARGETED_DEVICE_FAMILY = "1,2";
				TEST_HOST = "$(BUILT_PRODUCTS_DIR)/App_first.app/App_first";
			};
			name = Release;
		};
		B5AE588825ED24FC00F6B91A /* Debug */ = {
			isa = XCBuildConfiguration;
			buildSettings = {
				ALWAYS_EMBED_SWIFT_STANDARD_LIBRARIES = YES;
				CODE_SIGN_STYLE = Automatic;
				DEVELOPMENT_TEAM = 4FV83MLDY9;
				INFOPLIST_FILE = App_firstUITests/Info.plist;
				LD_RUNPATH_SEARCH_PATHS = (
					"$(inherited)",
					"@executable_path/Frameworks",
					"@loader_path/Frameworks",
				);
				PRODUCT_BUNDLE_IDENTIFIER = "ru.gribov.App-firstUITests";
				PRODUCT_NAME = "$(TARGET_NAME)";
				SWIFT_VERSION = 5.0;
				TARGETED_DEVICE_FAMILY = "1,2";
				TEST_TARGET_NAME = App_first;
			};
			name = Debug;
		};
		B5AE588925ED24FC00F6B91A /* Release */ = {
			isa = XCBuildConfiguration;
			buildSettings = {
				ALWAYS_EMBED_SWIFT_STANDARD_LIBRARIES = YES;
				CODE_SIGN_STYLE = Automatic;
				DEVELOPMENT_TEAM = 4FV83MLDY9;
				INFOPLIST_FILE = App_firstUITests/Info.plist;
				LD_RUNPATH_SEARCH_PATHS = (
					"$(inherited)",
					"@executable_path/Frameworks",
					"@loader_path/Frameworks",
				);
				PRODUCT_BUNDLE_IDENTIFIER = "ru.gribov.App-firstUITests";
				PRODUCT_NAME = "$(TARGET_NAME)";
				SWIFT_VERSION = 5.0;
				TARGETED_DEVICE_FAMILY = "1,2";
				TEST_TARGET_NAME = App_first;
			};
			name = Release;
		};
/* End XCBuildConfiguration section */

/* Begin XCConfigurationList section */
		B5AE585225ED24F900F6B91A /* Build configuration list for PBXProject "App_first" */ = {
			isa = XCConfigurationList;
			buildConfigurations = (
				B5AE587F25ED24FC00F6B91A /* Debug */,
				B5AE588025ED24FC00F6B91A /* Release */,
			);
			defaultConfigurationIsVisible = 0;
			defaultConfigurationName = Release;
		};
		B5AE588125ED24FC00F6B91A /* Build configuration list for PBXNativeTarget "App_first" */ = {
			isa = XCConfigurationList;
			buildConfigurations = (
				B5AE588225ED24FC00F6B91A /* Debug */,
				B5AE588325ED24FC00F6B91A /* Release */,
			);
			defaultConfigurationIsVisible = 0;
			defaultConfigurationName = Release;
		};
		B5AE588425ED24FC00F6B91A /* Build configuration list for PBXNativeTarget "App_firstTests" */ = {
			isa = XCConfigurationList;
			buildConfigurations = (
				B5AE588525ED24FC00F6B91A /* Debug */,
				B5AE588625ED24FC00F6B91A /* Release */,
			);
			defaultConfigurationIsVisible = 0;
			defaultConfigurationName = Release;
		};
		B5AE588725ED24FC00F6B91A /* Build configuration list for PBXNativeTarget "App_firstUITests" */ = {
			isa = XCConfigurationList;
			buildConfigurations = (
				B5AE588825ED24FC00F6B91A /* Debug */,
				B5AE588925ED24FC00F6B91A /* Release */,
			);
			defaultConfigurationIsVisible = 0;
			defaultConfigurationName = Release;
		};
/* End XCConfigurationList section */
	};
	rootObject = B5AE584F25ED24F900F6B91A /* Project object */;
}
